// !$*UTF8*$!
{
	archiveVersion = 1;
	classes = {
	};
	objectVersion = 50;
	objects = {

/* Begin PBXBuildFile section */
		9CB07D6B2642C5B4006501B5 /* AppDelegate.swift in Sources */ = {isa = PBXBuildFile; fileRef = 9CB07D6A2642C5B4006501B5 /* AppDelegate.swift */; };
		9CB07D6D2642C5B4006501B5 /* SceneDelegate.swift in Sources */ = {isa = PBXBuildFile; fileRef = 9CB07D6C2642C5B4006501B5 /* SceneDelegate.swift */; };
		9CB07D6F2642C5B4006501B5 /* ViewController.swift in Sources */ = {isa = PBXBuildFile; fileRef = 9CB07D6E2642C5B4006501B5 /* ViewController.swift */; };
		9CB07D722642C5B4006501B5 /* Main.storyboard in Resources */ = {isa = PBXBuildFile; fileRef = 9CB07D702642C5B4006501B5 /* Main.storyboard */; };
		9CB07D742642C5B7006501B5 /* Assets.xcassets in Resources */ = {isa = PBXBuildFile; fileRef = 9CB07D732642C5B7006501B5 /* Assets.xcassets */; };
		9CB07D772642C5B7006501B5 /* LaunchScreen.storyboard in Resources */ = {isa = PBXBuildFile; fileRef = 9CB07D752642C5B7006501B5 /* LaunchScreen.storyboard */; };
		9CB07D822642C5B7006501B5 /* PayoneerTestAppTests.swift in Sources */ = {isa = PBXBuildFile; fileRef = 9CB07D812642C5B7006501B5 /* PayoneerTestAppTests.swift */; };
		9CB07D8D2642C5B7006501B5 /* PayoneerTestAppUITests.swift in Sources */ = {isa = PBXBuildFile; fileRef = 9CB07D8C2642C5B7006501B5 /* PayoneerTestAppUITests.swift */; };
		9CB07D9F2642C652006501B5 /* APIClient.swift in Sources */ = {isa = PBXBuildFile; fileRef = 9CB07D9E2642C652006501B5 /* APIClient.swift */; };
		9CB07DA42642C66E006501B5 /* APIResult.swift in Sources */ = {isa = PBXBuildFile; fileRef = 9CB07DA32642C66E006501B5 /* APIResult.swift */; };
		9CB07DA92642C683006501B5 /* APIRequest.swift in Sources */ = {isa = PBXBuildFile; fileRef = 9CB07DA82642C683006501B5 /* APIRequest.swift */; };
		9CB07DAE2642C6A6006501B5 /* HTTPRequestMethod.swift in Sources */ = {isa = PBXBuildFile; fileRef = 9CB07DAD2642C6A6006501B5 /* HTTPRequestMethod.swift */; };
		9CB07DB32642C6C2006501B5 /* HttpStatusCode.swift in Sources */ = {isa = PBXBuildFile; fileRef = 9CB07DB22642C6C2006501B5 /* HttpStatusCode.swift */; };
		9CB07DB82642C6DB006501B5 /* APIError.swift in Sources */ = {isa = PBXBuildFile; fileRef = 9CB07DB72642C6DB006501B5 /* APIError.swift */; };
		9CB07DBE2642C710006501B5 /* APIRequestTests.swift in Sources */ = {isa = PBXBuildFile; fileRef = 9CB07DBD2642C710006501B5 /* APIRequestTests.swift */; };
		9CB07DC72642C734006501B5 /* APIRequestFake.swift in Sources */ = {isa = PBXBuildFile; fileRef = 9CB07DC62642C734006501B5 /* APIRequestFake.swift */; };
		9CB07DD32642CE00006501B5 /* PaymentProviderRepository.swift in Sources */ = {isa = PBXBuildFile; fileRef = 9CB07DD22642CE00006501B5 /* PaymentProviderRepository.swift */; };
		9CB07DDC2642CE2B006501B5 /* Networks.swift in Sources */ = {isa = PBXBuildFile; fileRef = 9CB07DDB2642CE2B006501B5 /* Networks.swift */; };
		9CB07DE42642CE45006501B5 /* ApplicableNetwork.swift in Sources */ = {isa = PBXBuildFile; fileRef = 9CB07DE32642CE45006501B5 /* ApplicableNetwork.swift */; };
		9CB07DE92642CE51006501B5 /* ListResult.swift in Sources */ = {isa = PBXBuildFile; fileRef = 9CB07DE82642CE51006501B5 /* ListResult.swift */; };
		9CB07DF02642CE89006501B5 /* PaymentAPIClient.swift in Sources */ = {isa = PBXBuildFile; fileRef = 9CB07DEF2642CE89006501B5 /* PaymentAPIClient.swift */; };
		9CB07DF62642CF3B006501B5 /* GetPaymentProviders.swift in Sources */ = {isa = PBXBuildFile; fileRef = 9CB07DF52642CF3B006501B5 /* GetPaymentProviders.swift */; };
		9CB07DFF2642CFC4006501B5 /* PaymentProviderRepositoryTests.swift in Sources */ = {isa = PBXBuildFile; fileRef = 9CB07DFE2642CFC4006501B5 /* PaymentProviderRepositoryTests.swift */; };
		9CB07E082642CFEA006501B5 /* PaymentAPIClientMock.swift in Sources */ = {isa = PBXBuildFile; fileRef = 9CB07E072642CFEA006501B5 /* PaymentAPIClientMock.swift */; };
		9CB07E112642D017006501B5 /* ListResultFixture.swift in Sources */ = {isa = PBXBuildFile; fileRef = 9CB07E102642D017006501B5 /* ListResultFixture.swift */; };
/* End PBXBuildFile section */

/* Begin PBXContainerItemProxy section */
		9CB07D7E2642C5B7006501B5 /* PBXContainerItemProxy */ = {
			isa = PBXContainerItemProxy;
			containerPortal = 9CB07D5F2642C5B4006501B5 /* Project object */;
			proxyType = 1;
			remoteGlobalIDString = 9CB07D662642C5B4006501B5;
			remoteInfo = PayoneerTestApp;
		};
		9CB07D892642C5B7006501B5 /* PBXContainerItemProxy */ = {
			isa = PBXContainerItemProxy;
			containerPortal = 9CB07D5F2642C5B4006501B5 /* Project object */;
			proxyType = 1;
			remoteGlobalIDString = 9CB07D662642C5B4006501B5;
			remoteInfo = PayoneerTestApp;
		};
/* End PBXContainerItemProxy section */

/* Begin PBXFileReference section */
		9CB07D672642C5B4006501B5 /* PayoneerTestApp.app */ = {isa = PBXFileReference; explicitFileType = wrapper.application; includeInIndex = 0; path = PayoneerTestApp.app; sourceTree = BUILT_PRODUCTS_DIR; };
		9CB07D6A2642C5B4006501B5 /* AppDelegate.swift */ = {isa = PBXFileReference; lastKnownFileType = sourcecode.swift; path = AppDelegate.swift; sourceTree = "<group>"; };
		9CB07D6C2642C5B4006501B5 /* SceneDelegate.swift */ = {isa = PBXFileReference; lastKnownFileType = sourcecode.swift; path = SceneDelegate.swift; sourceTree = "<group>"; };
		9CB07D6E2642C5B4006501B5 /* ViewController.swift */ = {isa = PBXFileReference; lastKnownFileType = sourcecode.swift; path = ViewController.swift; sourceTree = "<group>"; };
		9CB07D712642C5B4006501B5 /* Base */ = {isa = PBXFileReference; lastKnownFileType = file.storyboard; name = Base; path = Base.lproj/Main.storyboard; sourceTree = "<group>"; };
		9CB07D732642C5B7006501B5 /* Assets.xcassets */ = {isa = PBXFileReference; lastKnownFileType = folder.assetcatalog; path = Assets.xcassets; sourceTree = "<group>"; };
		9CB07D762642C5B7006501B5 /* Base */ = {isa = PBXFileReference; lastKnownFileType = file.storyboard; name = Base; path = Base.lproj/LaunchScreen.storyboard; sourceTree = "<group>"; };
		9CB07D782642C5B7006501B5 /* Info.plist */ = {isa = PBXFileReference; lastKnownFileType = text.plist.xml; path = Info.plist; sourceTree = "<group>"; };
		9CB07D7D2642C5B7006501B5 /* PayoneerTestAppTests.xctest */ = {isa = PBXFileReference; explicitFileType = wrapper.cfbundle; includeInIndex = 0; path = PayoneerTestAppTests.xctest; sourceTree = BUILT_PRODUCTS_DIR; };
		9CB07D812642C5B7006501B5 /* PayoneerTestAppTests.swift */ = {isa = PBXFileReference; lastKnownFileType = sourcecode.swift; path = PayoneerTestAppTests.swift; sourceTree = "<group>"; };
		9CB07D832642C5B7006501B5 /* Info.plist */ = {isa = PBXFileReference; lastKnownFileType = text.plist.xml; path = Info.plist; sourceTree = "<group>"; };
		9CB07D882642C5B7006501B5 /* PayoneerTestAppUITests.xctest */ = {isa = PBXFileReference; explicitFileType = wrapper.cfbundle; includeInIndex = 0; path = PayoneerTestAppUITests.xctest; sourceTree = BUILT_PRODUCTS_DIR; };
		9CB07D8C2642C5B7006501B5 /* PayoneerTestAppUITests.swift */ = {isa = PBXFileReference; lastKnownFileType = sourcecode.swift; path = PayoneerTestAppUITests.swift; sourceTree = "<group>"; };
		9CB07D8E2642C5B7006501B5 /* Info.plist */ = {isa = PBXFileReference; lastKnownFileType = text.plist.xml; path = Info.plist; sourceTree = "<group>"; };
		9CB07D9E2642C652006501B5 /* APIClient.swift */ = {isa = PBXFileReference; lastKnownFileType = sourcecode.swift; path = APIClient.swift; sourceTree = "<group>"; };
		9CB07DA32642C66E006501B5 /* APIResult.swift */ = {isa = PBXFileReference; lastKnownFileType = sourcecode.swift; path = APIResult.swift; sourceTree = "<group>"; };
		9CB07DA82642C683006501B5 /* APIRequest.swift */ = {isa = PBXFileReference; lastKnownFileType = sourcecode.swift; path = APIRequest.swift; sourceTree = "<group>"; };
		9CB07DAD2642C6A6006501B5 /* HTTPRequestMethod.swift */ = {isa = PBXFileReference; lastKnownFileType = sourcecode.swift; path = HTTPRequestMethod.swift; sourceTree = "<group>"; };
		9CB07DB22642C6C2006501B5 /* HttpStatusCode.swift */ = {isa = PBXFileReference; lastKnownFileType = sourcecode.swift; path = HttpStatusCode.swift; sourceTree = "<group>"; };
		9CB07DB72642C6DB006501B5 /* APIError.swift */ = {isa = PBXFileReference; lastKnownFileType = sourcecode.swift; path = APIError.swift; sourceTree = "<group>"; };
		9CB07DBD2642C710006501B5 /* APIRequestTests.swift */ = {isa = PBXFileReference; lastKnownFileType = sourcecode.swift; path = APIRequestTests.swift; sourceTree = "<group>"; };
		9CB07DC62642C734006501B5 /* APIRequestFake.swift */ = {isa = PBXFileReference; lastKnownFileType = sourcecode.swift; path = APIRequestFake.swift; sourceTree = "<group>"; };
		9CB07DD22642CE00006501B5 /* PaymentProviderRepository.swift */ = {isa = PBXFileReference; lastKnownFileType = sourcecode.swift; path = PaymentProviderRepository.swift; sourceTree = "<group>"; };
		9CB07DDB2642CE2B006501B5 /* Networks.swift */ = {isa = PBXFileReference; lastKnownFileType = sourcecode.swift; path = Networks.swift; sourceTree = "<group>"; };
		9CB07DE32642CE45006501B5 /* ApplicableNetwork.swift */ = {isa = PBXFileReference; lastKnownFileType = sourcecode.swift; path = ApplicableNetwork.swift; sourceTree = "<group>"; };
		9CB07DE82642CE51006501B5 /* ListResult.swift */ = {isa = PBXFileReference; lastKnownFileType = sourcecode.swift; path = ListResult.swift; sourceTree = "<group>"; };
		9CB07DEF2642CE89006501B5 /* PaymentAPIClient.swift */ = {isa = PBXFileReference; lastKnownFileType = sourcecode.swift; path = PaymentAPIClient.swift; sourceTree = "<group>"; };
		9CB07DF52642CF3B006501B5 /* GetPaymentProviders.swift */ = {isa = PBXFileReference; lastKnownFileType = sourcecode.swift; path = GetPaymentProviders.swift; sourceTree = "<group>"; };
		9CB07DFE2642CFC4006501B5 /* PaymentProviderRepositoryTests.swift */ = {isa = PBXFileReference; lastKnownFileType = sourcecode.swift; path = PaymentProviderRepositoryTests.swift; sourceTree = "<group>"; };
		9CB07E072642CFEA006501B5 /* PaymentAPIClientMock.swift */ = {isa = PBXFileReference; lastKnownFileType = sourcecode.swift; path = PaymentAPIClientMock.swift; sourceTree = "<group>"; };
		9CB07E102642D017006501B5 /* ListResultFixture.swift */ = {isa = PBXFileReference; lastKnownFileType = sourcecode.swift; path = ListResultFixture.swift; sourceTree = "<group>"; };
/* End PBXFileReference section */

/* Begin PBXFrameworksBuildPhase section */
		9CB07D642642C5B4006501B5 /* Frameworks */ = {
			isa = PBXFrameworksBuildPhase;
			buildActionMask = 2147483647;
			files = (
			);
			runOnlyForDeploymentPostprocessing = 0;
		};
		9CB07D7A2642C5B7006501B5 /* Frameworks */ = {
			isa = PBXFrameworksBuildPhase;
			buildActionMask = 2147483647;
			files = (
			);
			runOnlyForDeploymentPostprocessing = 0;
		};
		9CB07D852642C5B7006501B5 /* Frameworks */ = {
			isa = PBXFrameworksBuildPhase;
			buildActionMask = 2147483647;
			files = (
			);
			runOnlyForDeploymentPostprocessing = 0;
		};
/* End PBXFrameworksBuildPhase section */

/* Begin PBXGroup section */
		9CB07D5E2642C5B4006501B5 = {
			isa = PBXGroup;
			children = (
				9CB07D692642C5B4006501B5 /* PayoneerTestApp */,
				9CB07D802642C5B7006501B5 /* PayoneerTestAppTests */,
				9CB07D8B2642C5B7006501B5 /* PayoneerTestAppUITests */,
				9CB07D682642C5B4006501B5 /* Products */,
			);
			sourceTree = "<group>";
		};
		9CB07D682642C5B4006501B5 /* Products */ = {
			isa = PBXGroup;
			children = (
				9CB07D672642C5B4006501B5 /* PayoneerTestApp.app */,
				9CB07D7D2642C5B7006501B5 /* PayoneerTestAppTests.xctest */,
				9CB07D882642C5B7006501B5 /* PayoneerTestAppUITests.xctest */,
			);
			name = Products;
			sourceTree = "<group>";
		};
		9CB07D692642C5B4006501B5 /* PayoneerTestApp */ = {
			isa = PBXGroup;
			children = (
				9CB07DED2642CE77006501B5 /* Network */,
				9CB07DD12642CDE8006501B5 /* Repositories */,
				9CB07DDA2642CE1A006501B5 /* Model */,
				9CB07D9D2642C637006501B5 /* APIClient */,
				9CB07D6A2642C5B4006501B5 /* AppDelegate.swift */,
				9CB07D6C2642C5B4006501B5 /* SceneDelegate.swift */,
				9CB07D6E2642C5B4006501B5 /* ViewController.swift */,
				9CB07D702642C5B4006501B5 /* Main.storyboard */,
				9CB07D732642C5B7006501B5 /* Assets.xcassets */,
				9CB07D752642C5B7006501B5 /* LaunchScreen.storyboard */,
				9CB07D782642C5B7006501B5 /* Info.plist */,
			);
			path = PayoneerTestApp;
			sourceTree = "<group>";
		};
		9CB07D802642C5B7006501B5 /* PayoneerTestAppTests */ = {
			isa = PBXGroup;
			children = (
				9CB07DFD2642CFB5006501B5 /* Repositories */,
				9CB07DBC2642C6FE006501B5 /* APIClient */,
				9CB07E062642CFD9006501B5 /* Mocks */,
				9CB07DC52642C725006501B5 /* Fakes */,
				9CB07E0F2642CFFE006501B5 /* Fixtures */,
				9CB07D812642C5B7006501B5 /* PayoneerTestAppTests.swift */,
				9CB07D832642C5B7006501B5 /* Info.plist */,
			);
			path = PayoneerTestAppTests;
			sourceTree = "<group>";
		};
		9CB07D8B2642C5B7006501B5 /* PayoneerTestAppUITests */ = {
			isa = PBXGroup;
			children = (
				9CB07D8C2642C5B7006501B5 /* PayoneerTestAppUITests.swift */,
				9CB07D8E2642C5B7006501B5 /* Info.plist */,
			);
			path = PayoneerTestAppUITests;
			sourceTree = "<group>";
		};
		9CB07D9D2642C637006501B5 /* APIClient */ = {
			isa = PBXGroup;
			children = (
				9CB07D9E2642C652006501B5 /* APIClient.swift */,
				9CB07DA32642C66E006501B5 /* APIResult.swift */,
				9CB07DA82642C683006501B5 /* APIRequest.swift */,
				9CB07DAD2642C6A6006501B5 /* HTTPRequestMethod.swift */,
				9CB07DB22642C6C2006501B5 /* HttpStatusCode.swift */,
				9CB07DB72642C6DB006501B5 /* APIError.swift */,
			);
			path = APIClient;
			sourceTree = "<group>";
		};
		9CB07DBC2642C6FE006501B5 /* APIClient */ = {
			isa = PBXGroup;
			children = (
				9CB07DBD2642C710006501B5 /* APIRequestTests.swift */,
			);
			path = APIClient;
			sourceTree = "<group>";
		};
		9CB07DC52642C725006501B5 /* Fakes */ = {
			isa = PBXGroup;
			children = (
				9CB07DC62642C734006501B5 /* APIRequestFake.swift */,
			);
			path = Fakes;
			sourceTree = "<group>";
		};
		9CB07DD12642CDE8006501B5 /* Repositories */ = {
			isa = PBXGroup;
			children = (
				9CB07DD22642CE00006501B5 /* PaymentProviderRepository.swift */,
			);
			path = Repositories;
			sourceTree = "<group>";
		};
		9CB07DDA2642CE1A006501B5 /* Model */ = {
			isa = PBXGroup;
			children = (
				9CB07DDB2642CE2B006501B5 /* Networks.swift */,
				9CB07DE32642CE45006501B5 /* ApplicableNetwork.swift */,
				9CB07DE82642CE51006501B5 /* ListResult.swift */,
			);
			path = Model;
			sourceTree = "<group>";
		};
		9CB07DED2642CE77006501B5 /* Network */ = {
			isa = PBXGroup;
			children = (
				9CB07DF42642CF24006501B5 /* Requests */,
				9CB07DEE2642CE7D006501B5 /* API */,
			);
			path = Network;
			sourceTree = "<group>";
		};
		9CB07DEE2642CE7D006501B5 /* API */ = {
			isa = PBXGroup;
			children = (
				9CB07DEF2642CE89006501B5 /* PaymentAPIClient.swift */,
			);
			path = API;
			sourceTree = "<group>";
		};
		9CB07DF42642CF24006501B5 /* Requests */ = {
			isa = PBXGroup;
			children = (
				9CB07DF52642CF3B006501B5 /* GetPaymentProviders.swift */,
			);
			path = Requests;
			sourceTree = "<group>";
		};
		9CB07DFD2642CFB5006501B5 /* Repositories */ = {
			isa = PBXGroup;
			children = (
				9CB07DFE2642CFC4006501B5 /* PaymentProviderRepositoryTests.swift */,
			);
			path = Repositories;
			sourceTree = "<group>";
		};
		9CB07E062642CFD9006501B5 /* Mocks */ = {
			isa = PBXGroup;
			children = (
				9CB07E072642CFEA006501B5 /* PaymentAPIClientMock.swift */,
			);
			path = Mocks;
			sourceTree = "<group>";
		};
		9CB07E0F2642CFFE006501B5 /* Fixtures */ = {
			isa = PBXGroup;
			children = (
				9CB07E102642D017006501B5 /* ListResultFixture.swift */,
			);
			path = Fixtures;
			sourceTree = "<group>";
		};
/* End PBXGroup section */

/* Begin PBXNativeTarget section */
		9CB07D662642C5B4006501B5 /* PayoneerTestApp */ = {
			isa = PBXNativeTarget;
			buildConfigurationList = 9CB07D912642C5B7006501B5 /* Build configuration list for PBXNativeTarget "PayoneerTestApp" */;
			buildPhases = (
				9CB07D632642C5B4006501B5 /* Sources */,
				9CB07D642642C5B4006501B5 /* Frameworks */,
				9CB07D652642C5B4006501B5 /* Resources */,
			);
			buildRules = (
			);
			dependencies = (
			);
			name = PayoneerTestApp;
			productName = PayoneerTestApp;
			productReference = 9CB07D672642C5B4006501B5 /* PayoneerTestApp.app */;
			productType = "com.apple.product-type.application";
		};
		9CB07D7C2642C5B7006501B5 /* PayoneerTestAppTests */ = {
			isa = PBXNativeTarget;
			buildConfigurationList = 9CB07D942642C5B7006501B5 /* Build configuration list for PBXNativeTarget "PayoneerTestAppTests" */;
			buildPhases = (
				9CB07D792642C5B7006501B5 /* Sources */,
				9CB07D7A2642C5B7006501B5 /* Frameworks */,
				9CB07D7B2642C5B7006501B5 /* Resources */,
			);
			buildRules = (
			);
			dependencies = (
				9CB07D7F2642C5B7006501B5 /* PBXTargetDependency */,
			);
			name = PayoneerTestAppTests;
			productName = PayoneerTestAppTests;
			productReference = 9CB07D7D2642C5B7006501B5 /* PayoneerTestAppTests.xctest */;
			productType = "com.apple.product-type.bundle.unit-test";
		};
		9CB07D872642C5B7006501B5 /* PayoneerTestAppUITests */ = {
			isa = PBXNativeTarget;
			buildConfigurationList = 9CB07D972642C5B7006501B5 /* Build configuration list for PBXNativeTarget "PayoneerTestAppUITests" */;
			buildPhases = (
				9CB07D842642C5B7006501B5 /* Sources */,
				9CB07D852642C5B7006501B5 /* Frameworks */,
				9CB07D862642C5B7006501B5 /* Resources */,
			);
			buildRules = (
			);
			dependencies = (
				9CB07D8A2642C5B7006501B5 /* PBXTargetDependency */,
			);
			name = PayoneerTestAppUITests;
			productName = PayoneerTestAppUITests;
			productReference = 9CB07D882642C5B7006501B5 /* PayoneerTestAppUITests.xctest */;
			productType = "com.apple.product-type.bundle.ui-testing";
		};
/* End PBXNativeTarget section */

/* Begin PBXProject section */
		9CB07D5F2642C5B4006501B5 /* Project object */ = {
			isa = PBXProject;
			attributes = {
				LastSwiftUpdateCheck = 1240;
				LastUpgradeCheck = 1240;
				TargetAttributes = {
					9CB07D662642C5B4006501B5 = {
						CreatedOnToolsVersion = 12.4;
					};
					9CB07D7C2642C5B7006501B5 = {
						CreatedOnToolsVersion = 12.4;
						TestTargetID = 9CB07D662642C5B4006501B5;
					};
					9CB07D872642C5B7006501B5 = {
						CreatedOnToolsVersion = 12.4;
						TestTargetID = 9CB07D662642C5B4006501B5;
					};
				};
			};
			buildConfigurationList = 9CB07D622642C5B4006501B5 /* Build configuration list for PBXProject "PayoneerTestApp" */;
			compatibilityVersion = "Xcode 9.3";
			developmentRegion = en;
			hasScannedForEncodings = 0;
			knownRegions = (
				en,
				Base,
			);
			mainGroup = 9CB07D5E2642C5B4006501B5;
			productRefGroup = 9CB07D682642C5B4006501B5 /* Products */;
			projectDirPath = "";
			projectRoot = "";
			targets = (
				9CB07D662642C5B4006501B5 /* PayoneerTestApp */,
				9CB07D7C2642C5B7006501B5 /* PayoneerTestAppTests */,
				9CB07D872642C5B7006501B5 /* PayoneerTestAppUITests */,
			);
		};
/* End PBXProject section */

/* Begin PBXResourcesBuildPhase section */
		9CB07D652642C5B4006501B5 /* Resources */ = {
			isa = PBXResourcesBuildPhase;
			buildActionMask = 2147483647;
			files = (
				9CB07D772642C5B7006501B5 /* LaunchScreen.storyboard in Resources */,
				9CB07D742642C5B7006501B5 /* Assets.xcassets in Resources */,
				9CB07D722642C5B4006501B5 /* Main.storyboard in Resources */,
			);
			runOnlyForDeploymentPostprocessing = 0;
		};
		9CB07D7B2642C5B7006501B5 /* Resources */ = {
			isa = PBXResourcesBuildPhase;
			buildActionMask = 2147483647;
			files = (
			);
			runOnlyForDeploymentPostprocessing = 0;
		};
		9CB07D862642C5B7006501B5 /* Resources */ = {
			isa = PBXResourcesBuildPhase;
			buildActionMask = 2147483647;
			files = (
			);
			runOnlyForDeploymentPostprocessing = 0;
		};
/* End PBXResourcesBuildPhase section */

/* Begin PBXSourcesBuildPhase section */
		9CB07D632642C5B4006501B5 /* Sources */ = {
			isa = PBXSourcesBuildPhase;
			buildActionMask = 2147483647;
			files = (
				9CB07D6F2642C5B4006501B5 /* ViewController.swift in Sources */,
				9CB07DA42642C66E006501B5 /* APIResult.swift in Sources */,
				9CB07D6B2642C5B4006501B5 /* AppDelegate.swift in Sources */,
				9CB07D6D2642C5B4006501B5 /* SceneDelegate.swift in Sources */,
				9CB07DA92642C683006501B5 /* APIRequest.swift in Sources */,
				9CB07DD32642CE00006501B5 /* PaymentProviderRepository.swift in Sources */,
				9CB07D9F2642C652006501B5 /* APIClient.swift in Sources */,
				9CB07DE92642CE51006501B5 /* ListResult.swift in Sources */,
				9CB07DF02642CE89006501B5 /* PaymentAPIClient.swift in Sources */,
				9CB07DB32642C6C2006501B5 /* HttpStatusCode.swift in Sources */,
				9CB07DAE2642C6A6006501B5 /* HTTPRequestMethod.swift in Sources */,
				9CB07DE42642CE45006501B5 /* ApplicableNetwork.swift in Sources */,
				9CB07DDC2642CE2B006501B5 /* Networks.swift in Sources */,
				9CB07DB82642C6DB006501B5 /* APIError.swift in Sources */,
				9CB07DF62642CF3B006501B5 /* GetPaymentProviders.swift in Sources */,
			);
			runOnlyForDeploymentPostprocessing = 0;
		};
		9CB07D792642C5B7006501B5 /* Sources */ = {
			isa = PBXSourcesBuildPhase;
			buildActionMask = 2147483647;
			files = (
				9CB07DBE2642C710006501B5 /* APIRequestTests.swift in Sources */,
				9CB07E082642CFEA006501B5 /* PaymentAPIClientMock.swift in Sources */,
				9CB07E112642D017006501B5 /* ListResultFixture.swift in Sources */,
				9CB07DC72642C734006501B5 /* APIRequestFake.swift in Sources */,
				9CB07D822642C5B7006501B5 /* PayoneerTestAppTests.swift in Sources */,
				9CB07DFF2642CFC4006501B5 /* PaymentProviderRepositoryTests.swift in Sources */,
			);
			runOnlyForDeploymentPostprocessing = 0;
		};
		9CB07D842642C5B7006501B5 /* Sources */ = {
			isa = PBXSourcesBuildPhase;
			buildActionMask = 2147483647;
			files = (
				9CB07D8D2642C5B7006501B5 /* PayoneerTestAppUITests.swift in Sources */,
			);
			runOnlyForDeploymentPostprocessing = 0;
		};
/* End PBXSourcesBuildPhase section */

/* Begin PBXTargetDependency section */
		9CB07D7F2642C5B7006501B5 /* PBXTargetDependency */ = {
			isa = PBXTargetDependency;
			target = 9CB07D662642C5B4006501B5 /* PayoneerTestApp */;
			targetProxy = 9CB07D7E2642C5B7006501B5 /* PBXContainerItemProxy */;
		};
		9CB07D8A2642C5B7006501B5 /* PBXTargetDependency */ = {
			isa = PBXTargetDependency;
			target = 9CB07D662642C5B4006501B5 /* PayoneerTestApp */;
			targetProxy = 9CB07D892642C5B7006501B5 /* PBXContainerItemProxy */;
		};
/* End PBXTargetDependency section */

/* Begin PBXVariantGroup section */
		9CB07D702642C5B4006501B5 /* Main.storyboard */ = {
			isa = PBXVariantGroup;
			children = (
				9CB07D712642C5B4006501B5 /* Base */,
			);
			name = Main.storyboard;
			sourceTree = "<group>";
		};
		9CB07D752642C5B7006501B5 /* LaunchScreen.storyboard */ = {
			isa = PBXVariantGroup;
			children = (
				9CB07D762642C5B7006501B5 /* Base */,
			);
			name = LaunchScreen.storyboard;
			sourceTree = "<group>";
		};
/* End PBXVariantGroup section */

/* Begin XCBuildConfiguration section */
		9CB07D8F2642C5B7006501B5 /* Debug */ = {
			isa = XCBuildConfiguration;
			buildSettings = {
				ALWAYS_SEARCH_USER_PATHS = NO;
				CLANG_ANALYZER_NONNULL = YES;
				CLANG_ANALYZER_NUMBER_OBJECT_CONVERSION = YES_AGGRESSIVE;
				CLANG_CXX_LANGUAGE_STANDARD = "gnu++14";
				CLANG_CXX_LIBRARY = "libc++";
				CLANG_ENABLE_MODULES = YES;
				CLANG_ENABLE_OBJC_ARC = YES;
				CLANG_ENABLE_OBJC_WEAK = YES;
				CLANG_WARN_BLOCK_CAPTURE_AUTORELEASING = YES;
				CLANG_WARN_BOOL_CONVERSION = YES;
				CLANG_WARN_COMMA = YES;
				CLANG_WARN_CONSTANT_CONVERSION = YES;
				CLANG_WARN_DEPRECATED_OBJC_IMPLEMENTATIONS = YES;
				CLANG_WARN_DIRECT_OBJC_ISA_USAGE = YES_ERROR;
				CLANG_WARN_DOCUMENTATION_COMMENTS = YES;
				CLANG_WARN_EMPTY_BODY = YES;
				CLANG_WARN_ENUM_CONVERSION = YES;
				CLANG_WARN_INFINITE_RECURSION = YES;
				CLANG_WARN_INT_CONVERSION = YES;
				CLANG_WARN_NON_LITERAL_NULL_CONVERSION = YES;
				CLANG_WARN_OBJC_IMPLICIT_RETAIN_SELF = YES;
				CLANG_WARN_OBJC_LITERAL_CONVERSION = YES;
				CLANG_WARN_OBJC_ROOT_CLASS = YES_ERROR;
				CLANG_WARN_QUOTED_INCLUDE_IN_FRAMEWORK_HEADER = YES;
				CLANG_WARN_RANGE_LOOP_ANALYSIS = YES;
				CLANG_WARN_STRICT_PROTOTYPES = YES;
				CLANG_WARN_SUSPICIOUS_MOVE = YES;
				CLANG_WARN_UNGUARDED_AVAILABILITY = YES_AGGRESSIVE;
				CLANG_WARN_UNREACHABLE_CODE = YES;
				CLANG_WARN__DUPLICATE_METHOD_MATCH = YES;
				COPY_PHASE_STRIP = NO;
				DEBUG_INFORMATION_FORMAT = dwarf;
				ENABLE_STRICT_OBJC_MSGSEND = YES;
				ENABLE_TESTABILITY = YES;
				GCC_C_LANGUAGE_STANDARD = gnu11;
				GCC_DYNAMIC_NO_PIC = NO;
				GCC_NO_COMMON_BLOCKS = YES;
				GCC_OPTIMIZATION_LEVEL = 0;
				GCC_PREPROCESSOR_DEFINITIONS = (
					"DEBUG=1",
					"$(inherited)",
				);
				GCC_WARN_64_TO_32_BIT_CONVERSION = YES;
				GCC_WARN_ABOUT_RETURN_TYPE = YES_ERROR;
				GCC_WARN_UNDECLARED_SELECTOR = YES;
				GCC_WARN_UNINITIALIZED_AUTOS = YES_AGGRESSIVE;
				GCC_WARN_UNUSED_FUNCTION = YES;
				GCC_WARN_UNUSED_VARIABLE = YES;
				IPHONEOS_DEPLOYMENT_TARGET = 14.4;
				MTL_ENABLE_DEBUG_INFO = INCLUDE_SOURCE;
				MTL_FAST_MATH = YES;
				ONLY_ACTIVE_ARCH = YES;
				SDKROOT = iphoneos;
				SWIFT_ACTIVE_COMPILATION_CONDITIONS = DEBUG;
				SWIFT_OPTIMIZATION_LEVEL = "-Onone";
			};
			name = Debug;
		};
		9CB07D902642C5B7006501B5 /* Release */ = {
			isa = XCBuildConfiguration;
			buildSettings = {
				ALWAYS_SEARCH_USER_PATHS = NO;
				CLANG_ANALYZER_NONNULL = YES;
				CLANG_ANALYZER_NUMBER_OBJECT_CONVERSION = YES_AGGRESSIVE;
				CLANG_CXX_LANGUAGE_STANDARD = "gnu++14";
				CLANG_CXX_LIBRARY = "libc++";
				CLANG_ENABLE_MODULES = YES;
				CLANG_ENABLE_OBJC_ARC = YES;
				CLANG_ENABLE_OBJC_WEAK = YES;
				CLANG_WARN_BLOCK_CAPTURE_AUTORELEASING = YES;
				CLANG_WARN_BOOL_CONVERSION = YES;
				CLANG_WARN_COMMA = YES;
				CLANG_WARN_CONSTANT_CONVERSION = YES;
				CLANG_WARN_DEPRECATED_OBJC_IMPLEMENTATIONS = YES;
				CLANG_WARN_DIRECT_OBJC_ISA_USAGE = YES_ERROR;
				CLANG_WARN_DOCUMENTATION_COMMENTS = YES;
				CLANG_WARN_EMPTY_BODY = YES;
				CLANG_WARN_ENUM_CONVERSION = YES;
				CLANG_WARN_INFINITE_RECURSION = YES;
				CLANG_WARN_INT_CONVERSION = YES;
				CLANG_WARN_NON_LITERAL_NULL_CONVERSION = YES;
				CLANG_WARN_OBJC_IMPLICIT_RETAIN_SELF = YES;
				CLANG_WARN_OBJC_LITERAL_CONVERSION = YES;
				CLANG_WARN_OBJC_ROOT_CLASS = YES_ERROR;
				CLANG_WARN_QUOTED_INCLUDE_IN_FRAMEWORK_HEADER = YES;
				CLANG_WARN_RANGE_LOOP_ANALYSIS = YES;
				CLANG_WARN_STRICT_PROTOTYPES = YES;
				CLANG_WARN_SUSPICIOUS_MOVE = YES;
				CLANG_WARN_UNGUARDED_AVAILABILITY = YES_AGGRESSIVE;
				CLANG_WARN_UNREACHABLE_CODE = YES;
				CLANG_WARN__DUPLICATE_METHOD_MATCH = YES;
				COPY_PHASE_STRIP = NO;
				DEBUG_INFORMATION_FORMAT = "dwarf-with-dsym";
				ENABLE_NS_ASSERTIONS = NO;
				ENABLE_STRICT_OBJC_MSGSEND = YES;
				GCC_C_LANGUAGE_STANDARD = gnu11;
				GCC_NO_COMMON_BLOCKS = YES;
				GCC_WARN_64_TO_32_BIT_CONVERSION = YES;
				GCC_WARN_ABOUT_RETURN_TYPE = YES_ERROR;
				GCC_WARN_UNDECLARED_SELECTOR = YES;
				GCC_WARN_UNINITIALIZED_AUTOS = YES_AGGRESSIVE;
				GCC_WARN_UNUSED_FUNCTION = YES;
				GCC_WARN_UNUSED_VARIABLE = YES;
				IPHONEOS_DEPLOYMENT_TARGET = 14.4;
				MTL_ENABLE_DEBUG_INFO = NO;
				MTL_FAST_MATH = YES;
				SDKROOT = iphoneos;
				SWIFT_COMPILATION_MODE = wholemodule;
				SWIFT_OPTIMIZATION_LEVEL = "-O";
				VALIDATE_PRODUCT = YES;
			};
			name = Release;
		};
		9CB07D922642C5B7006501B5 /* Debug */ = {
			isa = XCBuildConfiguration;
			buildSettings = {
				ASSETCATALOG_COMPILER_APPICON_NAME = AppIcon;
				ASSETCATALOG_COMPILER_GLOBAL_ACCENT_COLOR_NAME = AccentColor;
				CODE_SIGN_STYLE = Automatic;
				INFOPLIST_FILE = PayoneerTestApp/Info.plist;
				LD_RUNPATH_SEARCH_PATHS = (
					"$(inherited)",
					"@executable_path/Frameworks",
				);
				PRODUCT_BUNDLE_IDENTIFIER = com.example.PayoneerTestApp;
				PRODUCT_NAME = "$(TARGET_NAME)";
				SWIFT_VERSION = 5.0;
				TARGETED_DEVICE_FAMILY = "1,2";
			};
			name = Debug;
		};
		9CB07D932642C5B7006501B5 /* Release */ = {
			isa = XCBuildConfiguration;
			buildSettings = {
				ASSETCATALOG_COMPILER_APPICON_NAME = AppIcon;
				ASSETCATALOG_COMPILER_GLOBAL_ACCENT_COLOR_NAME = AccentColor;
				CODE_SIGN_STYLE = Automatic;
				INFOPLIST_FILE = PayoneerTestApp/Info.plist;
				LD_RUNPATH_SEARCH_PATHS = (
					"$(inherited)",
					"@executable_path/Frameworks",
				);
				PRODUCT_BUNDLE_IDENTIFIER = com.example.PayoneerTestApp;
				PRODUCT_NAME = "$(TARGET_NAME)";
				SWIFT_VERSION = 5.0;
				TARGETED_DEVICE_FAMILY = "1,2";
			};
			name = Release;
		};
		9CB07D952642C5B7006501B5 /* Debug */ = {
			isa = XCBuildConfiguration;
			buildSettings = {
				ALWAYS_EMBED_SWIFT_STANDARD_LIBRARIES = YES;
				BUNDLE_LOADER = "$(TEST_HOST)";
				CODE_SIGN_STYLE = Automatic;
				INFOPLIST_FILE = PayoneerTestAppTests/Info.plist;
				IPHONEOS_DEPLOYMENT_TARGET = 14.4;
				LD_RUNPATH_SEARCH_PATHS = (
					"$(inherited)",
					"@executable_path/Frameworks",
					"@loader_path/Frameworks",
				);
				PRODUCT_BUNDLE_IDENTIFIER = com.example.PayoneerTestAppTests;
				PRODUCT_NAME = "$(TARGET_NAME)";
				SWIFT_VERSION = 5.0;
				TARGETED_DEVICE_FAMILY = "1,2";
				TEST_HOST = "$(BUILT_PRODUCTS_DIR)/PayoneerTestApp.app/PayoneerTestApp";
			};
			name = Debug;
		};
		9CB07D962642C5B7006501B5 /* Release */ = {
			isa = XCBuildConfiguration;
			buildSettings = {
				ALWAYS_EMBED_SWIFT_STANDARD_LIBRARIES = YES;
				BUNDLE_LOADER = "$(TEST_HOST)";
				CODE_SIGN_STYLE = Automatic;
				INFOPLIST_FILE = PayoneerTestAppTests/Info.plist;
				IPHONEOS_DEPLOYMENT_TARGET = 14.4;
				LD_RUNPATH_SEARCH_PATHS = (
					"$(inherited)",
					"@executable_path/Frameworks",
					"@loader_path/Frameworks",
				);
				PRODUCT_BUNDLE_IDENTIFIER = com.example.PayoneerTestAppTests;
				PRODUCT_NAME = "$(TARGET_NAME)";
				SWIFT_VERSION = 5.0;
				TARGETED_DEVICE_FAMILY = "1,2";
				TEST_HOST = "$(BUILT_PRODUCTS_DIR)/PayoneerTestApp.app/PayoneerTestApp";
			};
			name = Release;
		};
		9CB07D982642C5B7006501B5 /* Debug */ = {
			isa = XCBuildConfiguration;
			buildSettings = {
				ALWAYS_EMBED_SWIFT_STANDARD_LIBRARIES = YES;
				CODE_SIGN_STYLE = Automatic;
				INFOPLIST_FILE = PayoneerTestAppUITests/Info.plist;
				LD_RUNPATH_SEARCH_PATHS = (
					"$(inherited)",
					"@executable_path/Frameworks",
					"@loader_path/Frameworks",
				);
				PRODUCT_BUNDLE_IDENTIFIER = com.example.PayoneerTestAppUITests;
				PRODUCT_NAME = "$(TARGET_NAME)";
				SWIFT_VERSION = 5.0;
				TARGETED_DEVICE_FAMILY = "1,2";
				TEST_TARGET_NAME = PayoneerTestApp;
			};
			name = Debug;
		};
		9CB07D992642C5B7006501B5 /* Release */ = {
			isa = XCBuildConfiguration;
			buildSettings = {
				ALWAYS_EMBED_SWIFT_STANDARD_LIBRARIES = YES;
				CODE_SIGN_STYLE = Automatic;
				INFOPLIST_FILE = PayoneerTestAppUITests/Info.plist;
				LD_RUNPATH_SEARCH_PATHS = (
					"$(inherited)",
					"@executable_path/Frameworks",
					"@loader_path/Frameworks",
				);
				PRODUCT_BUNDLE_IDENTIFIER = com.example.PayoneerTestAppUITests;
				PRODUCT_NAME = "$(TARGET_NAME)";
				SWIFT_VERSION = 5.0;
				TARGETED_DEVICE_FAMILY = "1,2";
				TEST_TARGET_NAME = PayoneerTestApp;
			};
			name = Release;
		};
/* End XCBuildConfiguration section */

/* Begin XCConfigurationList section */
		9CB07D622642C5B4006501B5 /* Build configuration list for PBXProject "PayoneerTestApp" */ = {
			isa = XCConfigurationList;
			buildConfigurations = (
				9CB07D8F2642C5B7006501B5 /* Debug */,
				9CB07D902642C5B7006501B5 /* Release */,
			);
			defaultConfigurationIsVisible = 0;
			defaultConfigurationName = Release;
		};
		9CB07D912642C5B7006501B5 /* Build configuration list for PBXNativeTarget "PayoneerTestApp" */ = {
			isa = XCConfigurationList;
			buildConfigurations = (
				9CB07D922642C5B7006501B5 /* Debug */,
				9CB07D932642C5B7006501B5 /* Release */,
			);
			defaultConfigurationIsVisible = 0;
			defaultConfigurationName = Release;
		};
		9CB07D942642C5B7006501B5 /* Build configuration list for PBXNativeTarget "PayoneerTestAppTests" */ = {
			isa = XCConfigurationList;
			buildConfigurations = (
				9CB07D952642C5B7006501B5 /* Debug */,
				9CB07D962642C5B7006501B5 /* Release */,
			);
			defaultConfigurationIsVisible = 0;
			defaultConfigurationName = Release;
		};
		9CB07D972642C5B7006501B5 /* Build configuration list for PBXNativeTarget "PayoneerTestAppUITests" */ = {
			isa = XCConfigurationList;
			buildConfigurations = (
				9CB07D982642C5B7006501B5 /* Debug */,
				9CB07D992642C5B7006501B5 /* Release */,
			);
			defaultConfigurationIsVisible = 0;
			defaultConfigurationName = Release;
		};
/* End XCConfigurationList section */
	};
	rootObject = 9CB07D5F2642C5B4006501B5 /* Project object */;
}
